
Microsoft Visual Studio Solution File, Format Version 12.00
# Visual Studio Version 17
VisualStudioVersion = 17.0.32014.148
MinimumVisualStudioVersion = 10.0.40219.1
Project("{FAE04EC0-301F-11D3-BF4B-00C04F79EFBC}") = "TicketChange", "TicketChange\TicketChange.csproj", "{35247781-09B0-4C3D-A1F5-EB702E32D2BF}"
EndProject
Global
	GlobalSection(SolutionConfigurationPlatforms) = preSolution
		Debug|Any CPU = Debug|Any CPU
		Release|Any CPU = Release|Any CPU
	EndGlobalSection
	GlobalSection(ProjectConfigurationPlatforms) = postSolution
		{35247781-09B0-4C3D-A1F5-EB702E32D2BF}.Debug|Any CPU.ActiveCfg = Debug|Any CPU
		{35247781-09B0-4C3D-A1F5-EB702E32D2BF}.Debug|Any CPU.Build.0 = Debug|Any CPU
		{35247781-09B0-4C3D-A1F5-EB702E32D2BF}.Release|Any CPU.ActiveCfg = Release|Any CPU
		{35247781-09B0-4C3D-A1F5-EB702E32D2BF}.Release|Any CPU.Build.0 = Release|Any CPU
	EndGlobalSection
	GlobalSection(SolutionProperties) = preSolution
		HideSolutionNode = FALSE
	EndGlobalSection
	GlobalSection(ExtensibilityGlobals) = postSolution
		SolutionGuid = {970AB0A4-9A24-4679-AE51-FA2535781BDF}
	EndGlobalSection
	GlobalSection(TeamFoundationVersionControl) = preSolution
		SccNumberOfProjects = 2
		SccEnterpriseProvider = {4CA58AB2-18FA-4F8D-95D4-32DDF27D184C}
		SccTeamFoundationServer = https://dev.azure.com/ticketchangeprojectteam
		SccLocalPath0 = .
		SccProjectUniqueName1 = TicketChange\\TicketChange.csproj
		SccProjectName1 = TicketChange
		SccLocalPath1 = TicketChange
	EndGlobalSection
EndGlobal
